
Microsoft Visual Studio Solution File, Format Version 12.00
# Visual Studio Version 17
VisualStudioVersion = 17.5.33530.505
MinimumVisualStudioVersion = 10.0.40219.1
Project("{FAE04EC0-301F-11D3-BF4B-00C04F79EFBC}") = "Web", "Web\Web.csproj", "{345C12B4-264E-49E7-934C-600620296058}"
EndProject
Global
	GlobalSection(SolutionConfigurationPlatforms) = preSolution
		Debug|Any CPU = Debug|Any CPU
		Release|Any CPU = Release|Any CPU
	EndGlobalSection
	GlobalSection(ProjectConfigurationPlatforms) = postSolution
		{345C12B4-264E-49E7-934C-600620296058}.Debug|Any CPU.ActiveCfg = Debug|Any CPU
		{345C12B4-264E-49E7-934C-600620296058}.Debug|Any CPU.Build.0 = Debug|Any CPU
		{345C12B4-264E-49E7-934C-600620296058}.Release|Any CPU.ActiveCfg = Release|Any CPU
		{345C12B4-264E-49E7-934C-600620296058}.Release|Any CPU.Build.0 = Release|Any CPU
	EndGlobalSection
	GlobalSection(SolutionProperties) = preSolution
		HideSolutionNode = FALSE
	EndGlobalSection
	GlobalSection(ExtensibilityGlobals) = postSolution
		SolutionGuid = {95064F6E-63ED-4FFD-BB3A-71D71341C278}
	EndGlobalSection
EndGlobal
